{
  "name": "motolink-admin",
  "version": "0.1.0",
  "lockfileVersion": 3,
  "requires": true,
  "packages": {
    "": {
      "name": "motolink-admin",
      "version": "0.1.0",
      "dependencies": {
        "vue": "^3.5.13"
      },
      "devDependencies": {
        "@vitejs/plugin-vue": "^5.2.1",
        "typescript": "^5.7.2",
        "vite": "^6.0.7",
        "vue-tsc": "^2.2.0"
      }
    }
  }
}
